
Microsoft Visual Studio Solution File, Format Version 12.00
# Visual Studio Version 17
VisualStudioVersion = 17.4.33110.190
MinimumVisualStudioVersion = 10.0.40219.1
Project("{9A19103F-16F7-4668-BE54-9A1E7A4F7556}") = "BlazoreCommerce.Server", "BlazoreCommerce\Server\BlazoreCommerce.Server.csproj", "{A18C6A9F-756A-4C1D-B227-B459457F310B}"
EndProject
Project("{9A19103F-16F7-4668-BE54-9A1E7A4F7556}") = "BlazoreCommerce.Client", "BlazoreCommerce\Client\BlazoreCommerce.Client.csproj", "{8B5349AC-2298-428D-A8EA-FA0ADCC5405B}"
EndProject
Project("{9A19103F-16F7-4668-BE54-9A1E7A4F7556}") = "BlazoreCommerce.Shared", "BlazoreCommerce\Shared\BlazoreCommerce.Shared.csproj", "{56F6F98D-783E-48C2-928D-6630A44A8FDB}"
EndProject
Global
	GlobalSection(SolutionConfigurationPlatforms) = preSolution
		Debug|Any CPU = Debug|Any CPU
		Release|Any CPU = Release|Any CPU
	EndGlobalSection
	GlobalSection(ProjectConfigurationPlatforms) = postSolution
		{A18C6A9F-756A-4C1D-B227-B459457F310B}.Debug|Any CPU.ActiveCfg = Debug|Any CPU
		{A18C6A9F-756A-4C1D-B227-B459457F310B}.Debug|Any CPU.Build.0 = Debug|Any CPU
		{A18C6A9F-756A-4C1D-B227-B459457F310B}.Release|Any CPU.ActiveCfg = Release|Any CPU
		{A18C6A9F-756A-4C1D-B227-B459457F310B}.Release|Any CPU.Build.0 = Release|Any CPU
		{8B5349AC-2298-428D-A8EA-FA0ADCC5405B}.Debug|Any CPU.ActiveCfg = Debug|Any CPU
		{8B5349AC-2298-428D-A8EA-FA0ADCC5405B}.Debug|Any CPU.Build.0 = Debug|Any CPU
		{8B5349AC-2298-428D-A8EA-FA0ADCC5405B}.Release|Any CPU.ActiveCfg = Release|Any CPU
		{8B5349AC-2298-428D-A8EA-FA0ADCC5405B}.Release|Any CPU.Build.0 = Release|Any CPU
		{56F6F98D-783E-48C2-928D-6630A44A8FDB}.Debug|Any CPU.ActiveCfg = Debug|Any CPU
		{56F6F98D-783E-48C2-928D-6630A44A8FDB}.Debug|Any CPU.Build.0 = Debug|Any CPU
		{56F6F98D-783E-48C2-928D-6630A44A8FDB}.Release|Any CPU.ActiveCfg = Release|Any CPU
		{56F6F98D-783E-48C2-928D-6630A44A8FDB}.Release|Any CPU.Build.0 = Release|Any CPU
	EndGlobalSection
	GlobalSection(SolutionProperties) = preSolution
		HideSolutionNode = FALSE
	EndGlobalSection
	GlobalSection(ExtensibilityGlobals) = postSolution
		SolutionGuid = {3D68A28A-B1A8-4665-8B85-63A5C6211DD6}
	EndGlobalSection
EndGlobal
